
Microsoft Visual Studio Solution File, Format Version 12.00
# Visual Studio Version 16
VisualStudioVersion = 16.0.30225.117
MinimumVisualStudioVersion = 10.0.40219.1
Project("{FAE04EC0-301F-11D3-BF4B-00C04F79EFBC}") = "HueController", "HueController\HueController.csproj", "{B6360763-D85A-42AE-83CD-62FE9139098D}"
EndProject
Global
	GlobalSection(SolutionConfigurationPlatforms) = preSolution
		Debug|Any CPU = Debug|Any CPU
		Release|Any CPU = Release|Any CPU
	EndGlobalSection
	GlobalSection(ProjectConfigurationPlatforms) = postSolution
		{B6360763-D85A-42AE-83CD-62FE9139098D}.Debug|Any CPU.ActiveCfg = Debug|Any CPU
		{B6360763-D85A-42AE-83CD-62FE9139098D}.Debug|Any CPU.Build.0 = Debug|Any CPU
		{B6360763-D85A-42AE-83CD-62FE9139098D}.Release|Any CPU.ActiveCfg = Release|Any CPU
		{B6360763-D85A-42AE-83CD-62FE9139098D}.Release|Any CPU.Build.0 = Release|Any CPU
	EndGlobalSection
	GlobalSection(SolutionProperties) = preSolution
		HideSolutionNode = FALSE
	EndGlobalSection
	GlobalSection(ExtensibilityGlobals) = postSolution
		SolutionGuid = {CC9B1AD6-D142-4325-910B-255C9EE11E03}
	EndGlobalSection
EndGlobal
